
Microsoft Visual Studio Solution File, Format Version 12.00
# Visual Studio 15
VisualStudioVersion = 15.0.28307.271
MinimumVisualStudioVersion = 10.0.40219.1
Project("{8BC9CEB8-8B4A-11D0-8D11-00A0C91BC942}") = "internal combustion engine", "internal combustion engine\internal combustion engine.vcxproj", "{B5BC971C-2E13-44DA-B591-F4ACD5A5E1CE}"
EndProject
Global
	GlobalSection(SolutionConfigurationPlatforms) = preSolution
		Debug|x64 = Debug|x64
		Debug|x86 = Debug|x86
		Release|x64 = Release|x64
		Release|x86 = Release|x86
	EndGlobalSection
	GlobalSection(ProjectConfigurationPlatforms) = postSolution
		{B5BC971C-2E13-44DA-B591-F4ACD5A5E1CE}.Debug|x64.ActiveCfg = Debug|x64
		{B5BC971C-2E13-44DA-B591-F4ACD5A5E1CE}.Debug|x64.Build.0 = Debug|x64
		{B5BC971C-2E13-44DA-B591-F4ACD5A5E1CE}.Debug|x86.ActiveCfg = Debug|Win32
		{B5BC971C-2E13-44DA-B591-F4ACD5A5E1CE}.Debug|x86.Build.0 = Debug|Win32
		{B5BC971C-2E13-44DA-B591-F4ACD5A5E1CE}.Release|x64.ActiveCfg = Release|x64
		{B5BC971C-2E13-44DA-B591-F4ACD5A5E1CE}.Release|x64.Build.0 = Release|x64
		{B5BC971C-2E13-44DA-B591-F4ACD5A5E1CE}.Release|x86.ActiveCfg = Release|Win32
		{B5BC971C-2E13-44DA-B591-F4ACD5A5E1CE}.Release|x86.Build.0 = Release|Win32
	EndGlobalSection
	GlobalSection(SolutionProperties) = preSolution
		HideSolutionNode = FALSE
	EndGlobalSection
	GlobalSection(ExtensibilityGlobals) = postSolution
		SolutionGuid = {34C1960A-7158-4A67-9B4E-633F0B49B24E}
	EndGlobalSection
EndGlobal
